
Microsoft Visual Studio Solution File, Format Version 12.00
# Visual Studio Version 17
VisualStudioVersion = 17.8.34525.116
MinimumVisualStudioVersion = 10.0.40219.1
Project("{8BC9CEB8-8B4A-11D0-8D11-00A0C91BC942}") = "Project1", "Project1.vcxproj", "{8DE0E25E-8279-44E1-AAB0-4D24CE71225C}"
EndProject
Global
	GlobalSection(SolutionConfigurationPlatforms) = preSolution
		Debug|x64 = Debug|x64
		Debug|x86 = Debug|x86
		Release|x64 = Release|x64
		Release|x86 = Release|x86
	EndGlobalSection
	GlobalSection(ProjectConfigurationPlatforms) = postSolution
		{8DE0E25E-8279-44E1-AAB0-4D24CE71225C}.Debug|x64.ActiveCfg = Debug|x64
		{8DE0E25E-8279-44E1-AAB0-4D24CE71225C}.Debug|x64.Build.0 = Debug|x64
		{8DE0E25E-8279-44E1-AAB0-4D24CE71225C}.Debug|x86.ActiveCfg = Debug|Win32
		{8DE0E25E-8279-44E1-AAB0-4D24CE71225C}.Debug|x86.Build.0 = Debug|Win32
		{8DE0E25E-8279-44E1-AAB0-4D24CE71225C}.Release|x64.ActiveCfg = Release|x64
		{8DE0E25E-8279-44E1-AAB0-4D24CE71225C}.Release|x64.Build.0 = Release|x64
		{8DE0E25E-8279-44E1-AAB0-4D24CE71225C}.Release|x86.ActiveCfg = Release|Win32
		{8DE0E25E-8279-44E1-AAB0-4D24CE71225C}.Release|x86.Build.0 = Release|Win32
	EndGlobalSection
	GlobalSection(SolutionProperties) = preSolution
		HideSolutionNode = FALSE
	EndGlobalSection
	GlobalSection(ExtensibilityGlobals) = postSolution
		SolutionGuid = {28B96D77-EDC7-46B6-9235-97DA7A599E24}
	EndGlobalSection
EndGlobal
